{
  "pins" : [
    {
      "identity" : "mathjaxswift",
      "kind" : "remoteSourceControl",
      "location" : "https://github.com/colinc86/MathJaxSwift",
      "state" : {
        "branch" : "main",
        "revision" : "7e560a6b83c626550fe2113d9307f1481b3eaf28"
      }
    },
    {
      "identity" : "pocketsvg",
      "kind" : "remoteSourceControl",
      "location" : "https://github.com/pocketsvg/PocketSVG",
      "state" : {
        "revision" : "d30bf6678ae93763782a4e19973dc64762d42c4a",
        "version" : "2.7.2"
      }
    }
  ],
  "version" : 2
}
